
Microsoft Visual Studio Solution File, Format Version 12.00
# Visual Studio Version 17
VisualStudioVersion = 17.11.35222.181
MinimumVisualStudioVersion = 10.0.40219.1
Project("{FAE04EC0-301F-11D3-BF4B-00C04F79EFBC}") = "BuilderDesignPatternPoc", "BuilderDesignPatternPoc\BuilderDesignPatternPoc.csproj", "{E84F381C-78A1-4024-BDF1-C69DC506B9F3}"
EndProject
Global
	GlobalSection(SolutionConfigurationPlatforms) = preSolution
		Debug|Any CPU = Debug|Any CPU
		Release|Any CPU = Release|Any CPU
	EndGlobalSection
	GlobalSection(ProjectConfigurationPlatforms) = postSolution
		{E84F381C-78A1-4024-BDF1-C69DC506B9F3}.Debug|Any CPU.ActiveCfg = Debug|Any CPU
		{E84F381C-78A1-4024-BDF1-C69DC506B9F3}.Debug|Any CPU.Build.0 = Debug|Any CPU
		{E84F381C-78A1-4024-BDF1-C69DC506B9F3}.Release|Any CPU.ActiveCfg = Release|Any CPU
		{E84F381C-78A1-4024-BDF1-C69DC506B9F3}.Release|Any CPU.Build.0 = Release|Any CPU
	EndGlobalSection
	GlobalSection(SolutionProperties) = preSolution
		HideSolutionNode = FALSE
	EndGlobalSection
	GlobalSection(ExtensibilityGlobals) = postSolution
		SolutionGuid = {96A4E8DD-2162-4264-91FC-2795EE2F0ABB}
	EndGlobalSection
EndGlobal
